github.com/kylelemons/godebug v0.0.0-20170820004349-d65d576e9348 h1:MtvEpTB6LX3vkb4ax0b5D2DHbNAUsen0Gx5wZoq3lV4=
github.com/kylelemons/godebug v0.0.0-20170820004349-d65d576e9348/go.mod h1:B69LEHPfb2qLo0BaaOLcbitczOKLWTsrBG9LczfCD4k=
github.com/naoina/go-stringutil v0.1.0 h1:rCUeRUHjBjGTSHl0VC00jUPLz8/F9dDzYI70Hzifhks=
github.com/naoina/go-stringutil v0.1.0/go.mod h1:XJ2SJL9jCtBh+P9q5btrd/Ylo8XwT/h1USek5+NqSA0=
github.com/naoina/toml v0.1.1 h1:PT/lllxVVN0gzzSqSlHEmP8MJB4MY2U7STGxiouV4X8=
github.com/naoina/toml v0.1.1/go.mod h1:NBIhNtsFMo3G2szEBne+bO4gS192HuIYRqfvOWb4i1E=
golang.org/x/crypto v0.0.0-20181112202954-3d3f9f413869 h1:kkXA53yGe04D0adEYJwEVQjeBppL01Exg+fnMjfUraU=
golang.org/x/crypto v0.0.0-20181112202954-3d3f9f413869/go.mod h1:6SG95UA2DQfeDnfUPMdvaQW0Q7yPrPDi9nlGo2tz2b4=
golang.org/x/sys v0.0.0-20181107165924-66b7b1311ac8 h1:YoY1wS6JYVRpIfFngRf2HHo9R9dAne3xbkGOQ5rJXjU=
golang.org/x/sys v0.0.0-20181107165924-66b7b1311ac8/go.mod h1:STP8DvDyc/dI5b8T5hshtkjS+E42TnysNCUPdjciGhY=
gopkg.in/hlandau/easymetric.v1 v1.0.0 h1:ZbfbH7W3giuVDjWUoFhDOjjv20hiPr5HZ2yMV5f9IeE=
gopkg.in/hlandau/easymetric.v1 v1.0.0/go.mod h1:yh75hypuFzAxmvECh3ZKGCvFnIfapYJh2wv7ASaX2RE=
gopkg.in/hlandau/measurable.v1 v1.0.1 h1:wH5UZKCRUnRr1iD+xIZfwhtxhmr+bprRJttqA1Rklf4=
gopkg.in/hlandau/measurable.v1 v1.0.1/go.mod h1:6N+SYJGMTmetsx7wskULP+juuO+++tsHJkAgzvzsbuM=
gopkg.in/hlandau/passlib.v1 v1.0.10 h1:q5xh9ZHp907XTjVw8/EqG03//fnlITnIYQmv4Gn7TpE=
gopkg.in/hlandau/passlib.v1 v1.0.10/go.mod h1:wxGAv2CtQHlzWY8NJp+p045yl4WHyX7v2T6XbOcmqjM=
